
Microsoft Visual Studio Solution File, Format Version 12.00
# Visual Studio Version 17
VisualStudioVersion = 17.6.33723.286
MinimumVisualStudioVersion = 10.0.40219.1
Project("{FAE04EC0-301F-11D3-BF4B-00C04F79EFBC}") = "WinFormHomework2", "WinFormHomework2\WinFormHomework2.csproj", "{C49BD6D5-4429-4A1D-BAA7-F8874AB6ED8E}"
EndProject
Global
	GlobalSection(SolutionConfigurationPlatforms) = preSolution
		Debug|Any CPU = Debug|Any CPU
		Release|Any CPU = Release|Any CPU
	EndGlobalSection
	GlobalSection(ProjectConfigurationPlatforms) = postSolution
		{C49BD6D5-4429-4A1D-BAA7-F8874AB6ED8E}.Debug|Any CPU.ActiveCfg = Debug|Any CPU
		{C49BD6D5-4429-4A1D-BAA7-F8874AB6ED8E}.Debug|Any CPU.Build.0 = Debug|Any CPU
		{C49BD6D5-4429-4A1D-BAA7-F8874AB6ED8E}.Release|Any CPU.ActiveCfg = Release|Any CPU
		{C49BD6D5-4429-4A1D-BAA7-F8874AB6ED8E}.Release|Any CPU.Build.0 = Release|Any CPU
	EndGlobalSection
	GlobalSection(SolutionProperties) = preSolution
		HideSolutionNode = FALSE
	EndGlobalSection
	GlobalSection(ExtensibilityGlobals) = postSolution
		SolutionGuid = {29E37C7D-8106-4AFF-80CF-4EDB3F4857AD}
	EndGlobalSection
EndGlobal
